{
  "requires": true,
  "lockfileVersion": 1,
  "dependencies": {
    "@angular/core": {
      "version": "6.1.10",
      "resolved": "https://registry.npmjs.org/@angular/core/-/core-6.1.10.tgz",
      "integrity": "sha512-61l3rIQTVdT45eOf6/fBJIeVmV10mcrxqS4N/1OWkuDT29YSJTZSxGcv8QjAyyutuhcqWWpO6gVRkN07rWmkPg==",
      "requires": {
        "tslib": "^1.9.0"
      }
    },
    "tslib": {
      "version": "1.13.0",
      "resolved": "https://registry.npmjs.org/tslib/-/tslib-1.13.0.tgz",
      "integrity": "sha512-i/6DQjL8Xf3be4K/E6Wgpekn5Qasl1usyw++dAA35Ue5orEn65VIxOA+YvNNl9HV3qv70T7CNwjODHZrLwvd1Q=="
    }
  }
}
